// !$*UTF8*$!
{
	archiveVersion = 1;
	classes = {
	};
	objectVersion = 51;
	objects = {

/* Begin PBXBuildFile section */
		2247F1247B9CB3A1DDC01E83 /* Pods_Endicott_Eats.framework in Frameworks */ = {isa = PBXBuildFile; fileRef = 86B4B7E3F6256F275216CC0C /* Pods_Endicott_Eats.framework */; };
		4D158427234660B400013029 /* AppDelegate.swift in Sources */ = {isa = PBXBuildFile; fileRef = 4D158426234660B400013029 /* AppDelegate.swift */; };
		4D158429234660B400013029 /* SceneDelegate.swift in Sources */ = {isa = PBXBuildFile; fileRef = 4D158428234660B400013029 /* SceneDelegate.swift */; };
		4D158430234660B400013029 /* Main.storyboard in Resources */ = {isa = PBXBuildFile; fileRef = 4D15842E234660B400013029 /* Main.storyboard */; settings = {ASSET_TAGS = (sign_up, ); }; };
		4D158432234660B500013029 /* Assets.xcassets in Resources */ = {isa = PBXBuildFile; fileRef = 4D158431234660B500013029 /* Assets.xcassets */; };
		4D158435234660B500013029 /* LaunchScreen.storyboard in Resources */ = {isa = PBXBuildFile; fileRef = 4D158433234660B500013029 /* LaunchScreen.storyboard */; };
		4D158440234660B500013029 /* Endicott_EatsTests.swift in Sources */ = {isa = PBXBuildFile; fileRef = 4D15843F234660B500013029 /* Endicott_EatsTests.swift */; };
		4D15844B234660B500013029 /* Endicott_EatsUITests.swift in Sources */ = {isa = PBXBuildFile; fileRef = 4D15844A234660B500013029 /* Endicott_EatsUITests.swift */; };
		4D1584612346621D00013029 /* GoogleService-Info-2.plist in Resources */ = {isa = PBXBuildFile; fileRef = 4D1584602346621D00013029 /* GoogleService-Info-2.plist */; };
		4D1584622346621D00013029 /* GoogleService-Info-2.plist in Resources */ = {isa = PBXBuildFile; fileRef = 4D1584602346621D00013029 /* GoogleService-Info-2.plist */; };
		4D1584632346621D00013029 /* GoogleService-Info-2.plist in Resources */ = {isa = PBXBuildFile; fileRef = 4D1584602346621D00013029 /* GoogleService-Info-2.plist */; };
		4DBC32AD238C239500C7EC50 /* ViewController.swift in Sources */ = {isa = PBXBuildFile; fileRef = 4DBC32AC238C239500C7EC50 /* ViewController.swift */; };
		7A2CEB3DA3763B0339EC4D83 /* Pods_Endicott_EatsTests.framework in Frameworks */ = {isa = PBXBuildFile; fileRef = 509CF68164CC333D04AB6E6F /* Pods_Endicott_EatsTests.framework */; };
		EB76C93DC093CFF09BF8A045 /* Pods_Endicott_Eats_Endicott_EatsUITests.framework in Frameworks */ = {isa = PBXBuildFile; fileRef = B65434FAFCE65003B3D2748B /* Pods_Endicott_Eats_Endicott_EatsUITests.framework */; };
/* End PBXBuildFile section */

/* Begin PBXContainerItemProxy section */
		4D15843C234660B500013029 /* PBXContainerItemProxy */ = {
			isa = PBXContainerItemProxy;
			containerPortal = 4D15841B234660B400013029 /* Project object */;
			proxyType = 1;
			remoteGlobalIDString = 4D158422234660B400013029;
			remoteInfo = "Endicott Eats";
		};
		4D158447234660B500013029 /* PBXContainerItemProxy */ = {
			isa = PBXContainerItemProxy;
			containerPortal = 4D15841B234660B400013029 /* Project object */;
			proxyType = 1;
			remoteGlobalIDString = 4D158422234660B400013029;
			remoteInfo = "Endicott Eats";
		};
/* End PBXContainerItemProxy section */

/* Begin PBXFileReference section */
		006F1CA7A91F9B700C800650 /* Pods-Endicott Eats-Endicott EatsUITests.debug.xcconfig */ = {isa = PBXFileReference; includeInIndex = 1; lastKnownFileType = text.xcconfig; name = "Pods-Endicott Eats-Endicott EatsUITests.debug.xcconfig"; path = "Target Support Files/Pods-Endicott Eats-Endicott EatsUITests/Pods-Endicott Eats-Endicott EatsUITests.debug.xcconfig"; sourceTree = "<group>"; };
		23BFF40BF03C11C6CBAD7264 /* Pods-Endicott Eats.debug.xcconfig */ = {isa = PBXFileReference; includeInIndex = 1; lastKnownFileType = text.xcconfig; name = "Pods-Endicott Eats.debug.xcconfig"; path = "Target Support Files/Pods-Endicott Eats/Pods-Endicott Eats.debug.xcconfig"; sourceTree = "<group>"; };
		4D158423234660B400013029 /* Endicott Eats.app */ = {isa = PBXFileReference; explicitFileType = wrapper.application; includeInIndex = 0; path = "Endicott Eats.app"; sourceTree = BUILT_PRODUCTS_DIR; };
		4D158426234660B400013029 /* AppDelegate.swift */ = {isa = PBXFileReference; lastKnownFileType = sourcecode.swift; path = AppDelegate.swift; sourceTree = "<group>"; };
		4D158428234660B400013029 /* SceneDelegate.swift */ = {isa = PBXFileReference; lastKnownFileType = sourcecode.swift; path = SceneDelegate.swift; sourceTree = "<group>"; };
		4D15842F234660B400013029 /* Base */ = {isa = PBXFileReference; lastKnownFileType = file.storyboard; name = Base; path = Base.lproj/Main.storyboard; sourceTree = "<group>"; };
		4D158431234660B500013029 /* Assets.xcassets */ = {isa = PBXFileReference; lastKnownFileType = folder.assetcatalog; path = Assets.xcassets; sourceTree = "<group>"; };
		4D158434234660B500013029 /* Base */ = {isa = PBXFileReference; lastKnownFileType = file.storyboard; name = Base; path = Base.lproj/LaunchScreen.storyboard; sourceTree = "<group>"; };
		4D158436234660B500013029 /* Info.plist */ = {isa = PBXFileReference; lastKnownFileType = text.plist.xml; path = Info.plist; sourceTree = "<group>"; };
		4D15843B234660B500013029 /* Endicott EatsTests.xctest */ = {isa = PBXFileReference; explicitFileType = wrapper.cfbundle; includeInIndex = 0; path = "Endicott EatsTests.xctest"; sourceTree = BUILT_PRODUCTS_DIR; };
		4D15843F234660B500013029 /* Endicott_EatsTests.swift */ = {isa = PBXFileReference; lastKnownFileType = sourcecode.swift; path = Endicott_EatsTests.swift; sourceTree = "<group>"; };
		4D158441234660B500013029 /* Info.plist */ = {isa = PBXFileReference; lastKnownFileType = text.plist.xml; path = Info.plist; sourceTree = "<group>"; };
		4D158446234660B500013029 /* Endicott EatsUITests.xctest */ = {isa = PBXFileReference; explicitFileType = wrapper.cfbundle; includeInIndex = 0; path = "Endicott EatsUITests.xctest"; sourceTree = BUILT_PRODUCTS_DIR; };
		4D15844A234660B500013029 /* Endicott_EatsUITests.swift */ = {isa = PBXFileReference; lastKnownFileType = sourcecode.swift; path = Endicott_EatsUITests.swift; sourceTree = "<group>"; };
		4D15844C234660B500013029 /* Info.plist */ = {isa = PBXFileReference; lastKnownFileType = text.plist.xml; path = Info.plist; sourceTree = "<group>"; };
		4D1584602346621D00013029 /* GoogleService-Info-2.plist */ = {isa = PBXFileReference; fileEncoding = 4; lastKnownFileType = text.plist.xml; name = "GoogleService-Info-2.plist"; path = "../../../Downloads/GoogleService-Info-2.plist"; sourceTree = "<group>"; };
		4DBC32AC238C239500C7EC50 /* ViewController.swift */ = {isa = PBXFileReference; fileEncoding = 4; lastKnownFileType = sourcecode.swift; path = ViewController.swift; sourceTree = "<group>"; };
		509CF68164CC333D04AB6E6F /* Pods_Endicott_EatsTests.framework */ = {isa = PBXFileReference; explicitFileType = wrapper.framework; includeInIndex = 0; path = Pods_Endicott_EatsTests.framework; sourceTree = BUILT_PRODUCTS_DIR; };
		5E1D28B1EADD1D7161D74FAF /* Pods-Endicott EatsTests.debug.xcconfig */ = {isa = PBXFileReference; includeInIndex = 1; lastKnownFileType = text.xcconfig; name = "Pods-Endicott EatsTests.debug.xcconfig"; path = "Target Support Files/Pods-Endicott EatsTests/Pods-Endicott EatsTests.debug.xcconfig"; sourceTree = "<group>"; };
		86B4B7E3F6256F275216CC0C /* Pods_Endicott_Eats.framework */ = {isa = PBXFileReference; explicitFileType = wrapper.framework; includeInIndex = 0; path = Pods_Endicott_Eats.framework; sourceTree = BUILT_PRODUCTS_DIR; };
		959E9F0B120B3C0C6FAF1724 /* Pods-Endicott Eats.release.xcconfig */ = {isa = PBXFileReference; includeInIndex = 1; lastKnownFileType = text.xcconfig; name = "Pods-Endicott Eats.release.xcconfig"; path = "Target Support Files/Pods-Endicott Eats/Pods-Endicott Eats.release.xcconfig"; sourceTree = "<group>"; };
		98E86C8441145B4D2B95445A /* Pods-Endicott Eats-Endicott EatsUITests.release.xcconfig */ = {isa = PBXFileReference; includeInIndex = 1; lastKnownFileType = text.xcconfig; name = "Pods-Endicott Eats-Endicott EatsUITests.release.xcconfig"; path = "Target Support Files/Pods-Endicott Eats-Endicott EatsUITests/Pods-Endicott Eats-Endicott EatsUITests.release.xcconfig"; sourceTree = "<group>"; };
		B65434FAFCE65003B3D2748B /* Pods_Endicott_Eats_Endicott_EatsUITests.framework */ = {isa = PBXFileReference; explicitFileType = wrapper.framework; includeInIndex = 0; path = Pods_Endicott_Eats_Endicott_EatsUITests.framework; sourceTree = BUILT_PRODUCTS_DIR; };
		D8F20F42212A53D9257A3695 /* Pods-Endicott EatsTests.release.xcconfig */ = {isa = PBXFileReference; includeInIndex = 1; lastKnownFileType = text.xcconfig; name = "Pods-Endicott EatsTests.release.xcconfig"; path = "Target Support Files/Pods-Endicott EatsTests/Pods-Endicott EatsTests.release.xcconfig"; sourceTree = "<group>"; };
/* End PBXFileReference section */

/* Begin PBXFrameworksBuildPhase section */
		4D158420234660B400013029 /* Frameworks */ = {
			isa = PBXFrameworksBuildPhase;
			buildActionMask = 2147483647;
			files = (
				2247F1247B9CB3A1DDC01E83 /* Pods_Endicott_Eats.framework in Frameworks */,
			);
			runOnlyForDeploymentPostprocessing = 0;
		};
		4D158438234660B500013029 /* Frameworks */ = {
			isa = PBXFrameworksBuildPhase;
			buildActionMask = 2147483647;
			files = (
				7A2CEB3DA3763B0339EC4D83 /* Pods_Endicott_EatsTests.framework in Frameworks */,
			);
			runOnlyForDeploymentPostprocessing = 0;
		};
		4D158443234660B500013029 /* Frameworks */ = {
			isa = PBXFrameworksBuildPhase;
			buildActionMask = 2147483647;
			files = (
				EB76C93DC093CFF09BF8A045 /* Pods_Endicott_Eats_Endicott_EatsUITests.framework in Frameworks */,
			);
			runOnlyForDeploymentPostprocessing = 0;
		};
/* End PBXFrameworksBuildPhase section */

/* Begin PBXGroup section */
		4D15841A234660B400013029 = {
			isa = PBXGroup;
			children = (
				4D158425234660B400013029 /* Endicott Eats */,
				4D15843E234660B500013029 /* Endicott EatsTests */,
				4D158449234660B500013029 /* Endicott EatsUITests */,
				4D158424234660B400013029 /* Products */,
				DEF8B9FDC6CB334B62E13982 /* Pods */,
				6D905E684FAEEE6B4A46E56C /* Frameworks */,
			);
			sourceTree = "<group>";
		};
		4D158424234660B400013029 /* Products */ = {
			isa = PBXGroup;
			children = (
				4D158423234660B400013029 /* Endicott Eats.app */,
				4D15843B234660B500013029 /* Endicott EatsTests.xctest */,
				4D158446234660B500013029 /* Endicott EatsUITests.xctest */,
			);
			name = Products;
			sourceTree = "<group>";
		};
		4D158425234660B400013029 /* Endicott Eats */ = {
			isa = PBXGroup;
			children = (
				4D158426234660B400013029 /* AppDelegate.swift */,
				4D158428234660B400013029 /* SceneDelegate.swift */,
				4DBC32AC238C239500C7EC50 /* ViewController.swift */,
				4D15842E234660B400013029 /* Main.storyboard */,
				4D158431234660B500013029 /* Assets.xcassets */,
				4D158433234660B500013029 /* LaunchScreen.storyboard */,
				4D1584602346621D00013029 /* GoogleService-Info-2.plist */,
				4D158436234660B500013029 /* Info.plist */,
			);
			path = "Endicott Eats";
			sourceTree = "<group>";
		};
		4D15843E234660B500013029 /* Endicott EatsTests */ = {
			isa = PBXGroup;
			children = (
				4D15843F234660B500013029 /* Endicott_EatsTests.swift */,
				4D158441234660B500013029 /* Info.plist */,
			);
			path = "Endicott EatsTests";
			sourceTree = "<group>";
		};
		4D158449234660B500013029 /* Endicott EatsUITests */ = {
			isa = PBXGroup;
			children = (
				4D15844A234660B500013029 /* Endicott_EatsUITests.swift */,
				4D15844C234660B500013029 /* Info.plist */,
			);
			path = "Endicott EatsUITests";
			sourceTree = "<group>";
		};
		6D905E684FAEEE6B4A46E56C /* Frameworks */ = {
			isa = PBXGroup;
			children = (
				86B4B7E3F6256F275216CC0C /* Pods_Endicott_Eats.framework */,
				B65434FAFCE65003B3D2748B /* Pods_Endicott_Eats_Endicott_EatsUITests.framework */,
				509CF68164CC333D04AB6E6F /* Pods_Endicott_EatsTests.framework */,
			);
			name = Frameworks;
			sourceTree = "<group>";
		};
		DEF8B9FDC6CB334B62E13982 /* Pods */ = {
			isa = PBXGroup;
			children = (
				23BFF40BF03C11C6CBAD7264 /* Pods-Endicott Eats.debug.xcconfig */,
				959E9F0B120B3C0C6FAF1724 /* Pods-Endicott Eats.release.xcconfig */,
				006F1CA7A91F9B700C800650 /* Pods-Endicott Eats-Endicott EatsUITests.debug.xcconfig */,
				98E86C8441145B4D2B95445A /* Pods-Endicott Eats-Endicott EatsUITests.release.xcconfig */,
				5E1D28B1EADD1D7161D74FAF /* Pods-Endicott EatsTests.debug.xcconfig */,
				D8F20F42212A53D9257A3695 /* Pods-Endicott EatsTests.release.xcconfig */,
			);
			path = Pods;
			sourceTree = "<group>";
		};
/* End PBXGroup section */

/* Begin PBXNativeTarget section */
		4D158422234660B400013029 /* Endicott Eats */ = {
			isa = PBXNativeTarget;
			buildConfigurationList = 4D15844F234660B500013029 /* Build configuration list for PBXNativeTarget "Endicott Eats" */;
			buildPhases = (
				9564C3333BC090584C9F9AB8 /* [CP] Check Pods Manifest.lock */,
				4D15841F234660B400013029 /* Sources */,
				4D158420234660B400013029 /* Frameworks */,
				4D158421234660B400013029 /* Resources */,
				5B3A1571C13BA764BF89BA9D /* [CP] Copy Pods Resources */,
				2EDF3E0B03142C17BE256E45 /* [CP] Embed Pods Frameworks */,
			);
			buildRules = (
			);
			dependencies = (
			);
			name = "Endicott Eats";
			productName = "Endicott Eats";
			productReference = 4D158423234660B400013029 /* Endicott Eats.app */;
			productType = "com.apple.product-type.application";
		};
		4D15843A234660B500013029 /* Endicott EatsTests */ = {
			isa = PBXNativeTarget;
			buildConfigurationList = 4D158452234660B500013029 /* Build configuration list for PBXNativeTarget "Endicott EatsTests" */;
			buildPhases = (
				F838169F22AC1F79DF783FF4 /* [CP] Check Pods Manifest.lock */,
				4D158437234660B500013029 /* Sources */,
				4D158438234660B500013029 /* Frameworks */,
				4D158439234660B500013029 /* Resources */,
			);
			buildRules = (
			);
			dependencies = (
				4D15843D234660B500013029 /* PBXTargetDependency */,
			);
			name = "Endicott EatsTests";
			productName = "Endicott EatsTests";
			productReference = 4D15843B234660B500013029 /* Endicott EatsTests.xctest */;
			productType = "com.apple.product-type.bundle.unit-test";
		};
		4D158445234660B500013029 /* Endicott EatsUITests */ = {
			isa = PBXNativeTarget;
			buildConfigurationList = 4D158455234660B500013029 /* Build configuration list for PBXNativeTarget "Endicott EatsUITests" */;
			buildPhases = (
				D381BB5EDCDC598DCFE2648E /* [CP] Check Pods Manifest.lock */,
				4D158442234660B500013029 /* Sources */,
				4D158443234660B500013029 /* Frameworks */,
				4D158444234660B500013029 /* Resources */,
				94873AACC5546782A672DF1C /* [CP] Copy Pods Resources */,
				23997DD85317B3849D003245 /* [CP] Embed Pods Frameworks */,
			);
			buildRules = (
			);
			dependencies = (
				4D158448234660B500013029 /* PBXTargetDependency */,
			);
			name = "Endicott EatsUITests";
			productName = "Endicott EatsUITests";
			productReference = 4D158446234660B500013029 /* Endicott EatsUITests.xctest */;
			productType = "com.apple.product-type.bundle.ui-testing";
		};
/* End PBXNativeTarget section */

/* Begin PBXProject section */
		4D15841B234660B400013029 /* Project object */ = {
			isa = PBXProject;
			attributes = {
				KnownAssetTags = (
					sign_up,
				);
				LastSwiftUpdateCheck = 1100;
				LastUpgradeCheck = 1100;
				ORGANIZATIONNAME = "Steve Suchcicki";
				TargetAttributes = {
					4D158422234660B400013029 = {
						CreatedOnToolsVersion = 11.0;
					};
					4D15843A234660B500013029 = {
						CreatedOnToolsVersion = 11.0;
						TestTargetID = 4D158422234660B400013029;
					};
					4D158445234660B500013029 = {
						CreatedOnToolsVersion = 11.0;
						TestTargetID = 4D158422234660B400013029;
					};
				};
			};
			buildConfigurationList = 4D15841E234660B400013029 /* Build configuration list for PBXProject "Endicott Eats" */;
			compatibilityVersion = "Xcode 9.3";
			developmentRegion = en;
			hasScannedForEncodings = 0;
			knownRegions = (
				en,
				Base,
			);
			mainGroup = 4D15841A234660B400013029;
			productRefGroup = 4D158424234660B400013029 /* Products */;
			projectDirPath = "";
			projectRoot = "";
			targets = (
				4D158422234660B400013029 /* Endicott Eats */,
				4D15843A234660B500013029 /* Endicott EatsTests */,
				4D158445234660B500013029 /* Endicott EatsUITests */,
			);
		};
/* End PBXProject section */

/* Begin PBXResourcesBuildPhase section */
		4D158421234660B400013029 /* Resources */ = {
			isa = PBXResourcesBuildPhase;
			buildActionMask = 2147483647;
			files = (
				4D158435234660B500013029 /* LaunchScreen.storyboard in Resources */,
				4D158432234660B500013029 /* Assets.xcassets in Resources */,
				4D1584612346621D00013029 /* GoogleService-Info-2.plist in Resources */,
				4D158430234660B400013029 /* Main.storyboard in Resources */,
			);
			runOnlyForDeploymentPostprocessing = 0;
		};
		4D158439234660B500013029 /* Resources */ = {
			isa = PBXResourcesBuildPhase;
			buildActionMask = 2147483647;
			files = (
				4D1584622346621D00013029 /* GoogleService-Info-2.plist in Resources */,
			);
			runOnlyForDeploymentPostprocessing = 0;
		};
		4D158444234660B500013029 /* Resources */ = {
			isa = PBXResourcesBuildPhase;
			buildActionMask = 2147483647;
			files = (
				4D1584632346621D00013029 /* GoogleService-Info-2.plist in Resources */,
			);
			runOnlyForDeploymentPostprocessing = 0;
		};
/* End PBXResourcesBuildPhase section */

/* Begin PBXShellScriptBuildPhase section */
		23997DD85317B3849D003245 /* [CP] Embed Pods Frameworks */ = {
			isa = PBXShellScriptBuildPhase;
			buildActionMask = 2147483647;
			files = (
			);
			inputFileListPaths = (
				"${PODS_ROOT}/Target Support Files/Pods-Endicott Eats-Endicott EatsUITests/Pods-Endicott Eats-Endicott EatsUITests-frameworks-${CONFIGURATION}-input-files.xcfilelist",
			);
			name = "[CP] Embed Pods Frameworks";
			outputFileListPaths = (
				"${PODS_ROOT}/Target Support Files/Pods-Endicott Eats-Endicott EatsUITests/Pods-Endicott Eats-Endicott EatsUITests-frameworks-${CONFIGURATION}-output-files.xcfilelist",
			);
			runOnlyForDeploymentPostprocessing = 0;
			shellPath = /bin/sh;
			shellScript = "\"${PODS_ROOT}/Target Support Files/Pods-Endicott Eats-Endicott EatsUITests/Pods-Endicott Eats-Endicott EatsUITests-frameworks.sh\"\n";
			showEnvVarsInLog = 0;
		};
		2EDF3E0B03142C17BE256E45 /* [CP] Embed Pods Frameworks */ = {
			isa = PBXShellScriptBuildPhase;
			buildActionMask = 2147483647;
			files = (
			);
			inputFileListPaths = (
				"${PODS_ROOT}/Target Support Files/Pods-Endicott Eats/Pods-Endicott Eats-frameworks-${CONFIGURATION}-input-files.xcfilelist",
			);
			name = "[CP] Embed Pods Frameworks";
			outputFileListPaths = (
				"${PODS_ROOT}/Target Support Files/Pods-Endicott Eats/Pods-Endicott Eats-frameworks-${CONFIGURATION}-output-files.xcfilelist",
			);
			runOnlyForDeploymentPostprocessing = 0;
			shellPath = /bin/sh;
			shellScript = "\"${PODS_ROOT}/Target Support Files/Pods-Endicott Eats/Pods-Endicott Eats-frameworks.sh\"\n";
			showEnvVarsInLog = 0;
		};
		5B3A1571C13BA764BF89BA9D /* [CP] Copy Pods Resources */ = {
			isa = PBXShellScriptBuildPhase;
			buildActionMask = 2147483647;
			files = (
			);
			inputFileListPaths = (
				"${PODS_ROOT}/Target Support Files/Pods-Endicott Eats/Pods-Endicott Eats-resources-${CONFIGURATION}-input-files.xcfilelist",
			);
			name = "[CP] Copy Pods Resources";
			outputFileListPaths = (
				"${PODS_ROOT}/Target Support Files/Pods-Endicott Eats/Pods-Endicott Eats-resources-${CONFIGURATION}-output-files.xcfilelist",
			);
			runOnlyForDeploymentPostprocessing = 0;
			shellPath = /bin/sh;
			shellScript = "\"${PODS_ROOT}/Target Support Files/Pods-Endicott Eats/Pods-Endicott Eats-resources.sh\"\n";
			showEnvVarsInLog = 0;
		};
		94873AACC5546782A672DF1C /* [CP] Copy Pods Resources */ = {
			isa = PBXShellScriptBuildPhase;
			buildActionMask = 2147483647;
			files = (
			);
			inputFileListPaths = (
				"${PODS_ROOT}/Target Support Files/Pods-Endicott Eats-Endicott EatsUITests/Pods-Endicott Eats-Endicott EatsUITests-resources-${CONFIGURATION}-input-files.xcfilelist",
			);
			name = "[CP] Copy Pods Resources";
			outputFileListPaths = (
				"${PODS_ROOT}/Target Support Files/Pods-Endicott Eats-Endicott EatsUITests/Pods-Endicott Eats-Endicott EatsUITests-resources-${CONFIGURATION}-output-files.xcfilelist",
			);
			runOnlyForDeploymentPostprocessing = 0;
			shellPath = /bin/sh;
			shellScript = "\"${PODS_ROOT}/Target Support Files/Pods-Endicott Eats-Endicott EatsUITests/Pods-Endicott Eats-Endicott EatsUITests-resources.sh\"\n";
			showEnvVarsInLog = 0;
		};
		9564C3333BC090584C9F9AB8 /* [CP] Check Pods Manifest.lock */ = {
			isa = PBXShellScriptBuildPhase;
			buildActionMask = 2147483647;
			files = (
			);
			inputFileListPaths = (
			);
			inputPaths = (
				"${PODS_PODFILE_DIR_PATH}/Podfile.lock",
				"${PODS_ROOT}/Manifest.lock",
			);
			name = "[CP] Check Pods Manifest.lock";
			outputFileListPaths = (
			);
			outputPaths = (
				"$(DERIVED_FILE_DIR)/Pods-Endicott Eats-checkManifestLockResult.txt",
			);
			runOnlyForDeploymentPostprocessing = 0;
			shellPath = /bin/sh;
			shellScript = "diff \"${PODS_PODFILE_DIR_PATH}/Podfile.lock\" \"${PODS_ROOT}/Manifest.lock\" > /dev/null\nif [ $? != 0 ] ; then\n    # print error to STDERR\n    echo \"error: The sandbox is not in sync with the Podfile.lock. Run 'pod install' or update your CocoaPods installation.\" >&2\n    exit 1\nfi\n# This output is used by Xcode 'outputs' to avoid re-running this script phase.\necho \"SUCCESS\" > \"${SCRIPT_OUTPUT_FILE_0}\"\n";
			showEnvVarsInLog = 0;
		};
		D381BB5EDCDC598DCFE2648E /* [CP] Check Pods Manifest.lock */ = {
			isa = PBXShellScriptBuildPhase;
			buildActionMask = 2147483647;
			files = (
			);
			inputFileListPaths = (
			);
			inputPaths = (
				"${PODS_PODFILE_DIR_PATH}/Podfile.lock",
				"${PODS_ROOT}/Manifest.lock",
			);
			name = "[CP] Check Pods Manifest.lock";
			outputFileListPaths = (
			);
			outputPaths = (
				"$(DERIVED_FILE_DIR)/Pods-Endicott Eats-Endicott EatsUITests-checkManifestLockResult.txt",
			);
			runOnlyForDeploymentPostprocessing = 0;
			shellPath = /bin/sh;
			shellScript = "diff \"${PODS_PODFILE_DIR_PATH}/Podfile.lock\" \"${PODS_ROOT}/Manifest.lock\" > /dev/null\nif [ $? != 0 ] ; then\n    # print error to STDERR\n    echo \"error: The sandbox is not in sync with the Podfile.lock. Run 'pod install' or update your CocoaPods installation.\" >&2\n    exit 1\nfi\n# This output is used by Xcode 'outputs' to avoid re-running this script phase.\necho \"SUCCESS\" > \"${SCRIPT_OUTPUT_FILE_0}\"\n";
			showEnvVarsInLog = 0;
		};
		F838169F22AC1F79DF783FF4 /* [CP] Check Pods Manifest.lock */ = {
			isa = PBXShellScriptBuildPhase;
			buildActionMask = 2147483647;
			files = (
			);
			inputFileListPaths = (
			);
			inputPaths = (
				"${PODS_PODFILE_DIR_PATH}/Podfile.lock",
				"${PODS_ROOT}/Manifest.lock",
			);
			name = "[CP] Check Pods Manifest.lock";
			outputFileListPaths = (
			);
			outputPaths = (
				"$(DERIVED_FILE_DIR)/Pods-Endicott EatsTests-checkManifestLockResult.txt",
			);
			runOnlyForDeploymentPostprocessing = 0;
			shellPath = /bin/sh;
			shellScript = "diff \"${PODS_PODFILE_DIR_PATH}/Podfile.lock\" \"${PODS_ROOT}/Manifest.lock\" > /dev/null\nif [ $? != 0 ] ; then\n    # print error to STDERR\n    echo \"error: The sandbox is not in sync with the Podfile.lock. Run 'pod install' or update your CocoaPods installation.\" >&2\n    exit 1\nfi\n# This output is used by Xcode 'outputs' to avoid re-running this script phase.\necho \"SUCCESS\" > \"${SCRIPT_OUTPUT_FILE_0}\"\n";
			showEnvVarsInLog = 0;
		};
/* End PBXShellScriptBuildPhase section */

/* Begin PBXSourcesBuildPhase section */
		4D15841F234660B400013029 /* Sources */ = {
			isa = PBXSourcesBuildPhase;
			buildActionMask = 2147483647;
			files = (
				4DBC32AD238C239500C7EC50 /* ViewController.swift in Sources */,
				4D158427234660B400013029 /* AppDelegate.swift in Sources */,
				4D158429234660B400013029 /* SceneDelegate.swift in Sources */,
			);
			runOnlyForDeploymentPostprocessing = 0;
		};
		4D158437234660B500013029 /* Sources */ = {
			isa = PBXSourcesBuildPhase;
			buildActionMask = 2147483647;
			files = (
				4D158440234660B500013029 /* Endicott_EatsTests.swift in Sources */,
			);
			runOnlyForDeploymentPostprocessing = 0;
		};
		4D158442234660B500013029 /* Sources */ = {
			isa = PBXSourcesBuildPhase;
			buildActionMask = 2147483647;
			files = (
				4D15844B234660B500013029 /* Endicott_EatsUITests.swift in Sources */,
			);
			runOnlyForDeploymentPostprocessing = 0;
		};
/* End PBXSourcesBuildPhase section */

/* Begin PBXTargetDependency section */
		4D15843D234660B500013029 /* PBXTargetDependency */ = {
			isa = PBXTargetDependency;
			target = 4D158422234660B400013029 /* Endicott Eats */;
			targetProxy = 4D15843C234660B500013029 /* PBXContainerItemProxy */;
		};
		4D158448234660B500013029 /* PBXTargetDependency */ = {
			isa = PBXTargetDependency;
			target = 4D158422234660B400013029 /* Endicott Eats */;
			targetProxy = 4D158447234660B500013029 /* PBXContainerItemProxy */;
		};
/* End PBXTargetDependency section */

/* Begin PBXVariantGroup section */
		4D15842E234660B400013029 /* Main.storyboard */ = {
			isa = PBXVariantGroup;
			children = (
				4D15842F234660B400013029 /* Base */,
			);
			name = Main.storyboard;
			sourceTree = "<group>";
		};
		4D158433234660B500013029 /* LaunchScreen.storyboard */ = {
			isa = PBXVariantGroup;
			children = (
				4D158434234660B500013029 /* Base */,
			);
			name = LaunchScreen.storyboard;
			sourceTree = "<group>";
		};
/* End PBXVariantGroup section */

/* Begin XCBuildConfiguration section */
		4D15844D234660B500013029 /* Debug */ = {
			isa = XCBuildConfiguration;
			buildSettings = {
				ALWAYS_SEARCH_USER_PATHS = NO;
				CLANG_ANALYZER_NONNULL = YES;
				CLANG_ANALYZER_NUMBER_OBJECT_CONVERSION = YES_AGGRESSIVE;
				CLANG_CXX_LANGUAGE_STANDARD = "gnu++14";
				CLANG_CXX_LIBRARY = "libc++";
				CLANG_ENABLE_MODULES = YES;
				CLANG_ENABLE_OBJC_ARC = YES;
				CLANG_ENABLE_OBJC_WEAK = YES;
				CLANG_WARN_BLOCK_CAPTURE_AUTORELEASING = YES;
				CLANG_WARN_BOOL_CONVERSION = YES;
				CLANG_WARN_COMMA = YES;
				CLANG_WARN_CONSTANT_CONVERSION = YES;
				CLANG_WARN_DEPRECATED_OBJC_IMPLEMENTATIONS = YES;
				CLANG_WARN_DIRECT_OBJC_ISA_USAGE = YES_ERROR;
				CLANG_WARN_DOCUMENTATION_COMMENTS = YES;
				CLANG_WARN_EMPTY_BODY = YES;
				CLANG_WARN_ENUM_CONVERSION = YES;
				CLANG_WARN_INFINITE_RECURSION = YES;
				CLANG_WARN_INT_CONVERSION = YES;
				CLANG_WARN_NON_LITERAL_NULL_CONVERSION = YES;
				CLANG_WARN_OBJC_IMPLICIT_RETAIN_SELF = YES;
				CLANG_WARN_OBJC_LITERAL_CONVERSION = YES;
				CLANG_WARN_OBJC_ROOT_CLASS = YES_ERROR;
				CLANG_WARN_RANGE_LOOP_ANALYSIS = YES;
				CLANG_WARN_STRICT_PROTOTYPES = YES;
				CLANG_WARN_SUSPICIOUS_MOVE = YES;
				CLANG_WARN_UNGUARDED_AVAILABILITY = YES_AGGRESSIVE;
				CLANG_WARN_UNREACHABLE_CODE = YES;
				CLANG_WARN__DUPLICATE_METHOD_MATCH = YES;
				COPY_PHASE_STRIP = NO;
				DEBUG_INFORMATION_FORMAT = dwarf;
				ENABLE_STRICT_OBJC_MSGSEND = YES;
				ENABLE_TESTABILITY = YES;
				GCC_C_LANGUAGE_STANDARD = gnu11;
				GCC_DYNAMIC_NO_PIC = NO;
				GCC_NO_COMMON_BLOCKS = YES;
				GCC_OPTIMIZATION_LEVEL = 0;
				GCC_PREPROCESSOR_DEFINITIONS = (
					"DEBUG=1",
					"$(inherited)",
				);
				GCC_WARN_64_TO_32_BIT_CONVERSION = YES;
				GCC_WARN_ABOUT_RETURN_TYPE = YES_ERROR;
				GCC_WARN_UNDECLARED_SELECTOR = YES;
				GCC_WARN_UNINITIALIZED_AUTOS = YES_AGGRESSIVE;
				GCC_WARN_UNUSED_FUNCTION = YES;
				GCC_WARN_UNUSED_VARIABLE = YES;
				IPHONEOS_DEPLOYMENT_TARGET = 13.0;
				MTL_ENABLE_DEBUG_INFO = INCLUDE_SOURCE;
				MTL_FAST_MATH = YES;
				ONLY_ACTIVE_ARCH = YES;
				SDKROOT = iphoneos;
				SWIFT_ACTIVE_COMPILATION_CONDITIONS = DEBUG;
				SWIFT_OPTIMIZATION_LEVEL = "-Onone";
			};
			name = Debug;
		};
		4D15844E234660B500013029 /* Release */ = {
			isa = XCBuildConfiguration;
			buildSettings = {
				ALWAYS_SEARCH_USER_PATHS = NO;
				CLANG_ANALYZER_NONNULL = YES;
				CLANG_ANALYZER_NUMBER_OBJECT_CONVERSION = YES_AGGRESSIVE;
				CLANG_CXX_LANGUAGE_STANDARD = "gnu++14";
				CLANG_CXX_LIBRARY = "libc++";
				CLANG_ENABLE_MODULES = YES;
				CLANG_ENABLE_OBJC_ARC = YES;
				CLANG_ENABLE_OBJC_WEAK = YES;
				CLANG_WARN_BLOCK_CAPTURE_AUTORELEASING = YES;
				CLANG_WARN_BOOL_CONVERSION = YES;
				CLANG_WARN_COMMA = YES;
				CLANG_WARN_CONSTANT_CONVERSION = YES;
				CLANG_WARN_DEPRECATED_OBJC_IMPLEMENTATIONS = YES;
				CLANG_WARN_DIRECT_OBJC_ISA_USAGE = YES_ERROR;
				CLANG_WARN_DOCUMENTATION_COMMENTS = YES;
				CLANG_WARN_EMPTY_BODY = YES;
				CLANG_WARN_ENUM_CONVERSION = YES;
				CLANG_WARN_INFINITE_RECURSION = YES;
				CLANG_WARN_INT_CONVERSION = YES;
				CLANG_WARN_NON_LITERAL_NULL_CONVERSION = YES;
				CLANG_WARN_OBJC_IMPLICIT_RETAIN_SELF = YES;
				CLANG_WARN_OBJC_LITERAL_CONVERSION = YES;
				CLANG_WARN_OBJC_ROOT_CLASS = YES_ERROR;
				CLANG_WARN_RANGE_LOOP_ANALYSIS = YES;
				CLANG_WARN_STRICT_PROTOTYPES = YES;
				CLANG_WARN_SUSPICIOUS_MOVE = YES;
				CLANG_WARN_UNGUARDED_AVAILABILITY = YES_AGGRESSIVE;
				CLANG_WARN_UNREACHABLE_CODE = YES;
				CLANG_WARN__DUPLICATE_METHOD_MATCH = YES;
				COPY_PHASE_STRIP = NO;
				DEBUG_INFORMATION_FORMAT = "dwarf-with-dsym";
				ENABLE_NS_ASSERTIONS = NO;
				ENABLE_STRICT_OBJC_MSGSEND = YES;
				GCC_C_LANGUAGE_STANDARD = gnu11;
				GCC_NO_COMMON_BLOCKS = YES;
				GCC_WARN_64_TO_32_BIT_CONVERSION = YES;
				GCC_WARN_ABOUT_RETURN_TYPE = YES_ERROR;
				GCC_WARN_UNDECLARED_SELECTOR = YES;
				GCC_WARN_UNINITIALIZED_AUTOS = YES_AGGRESSIVE;
				GCC_WARN_UNUSED_FUNCTION = YES;
				GCC_WARN_UNUSED_VARIABLE = YES;
				IPHONEOS_DEPLOYMENT_TARGET = 13.0;
				MTL_ENABLE_DEBUG_INFO = NO;
				MTL_FAST_MATH = YES;
				SDKROOT = iphoneos;
				SWIFT_COMPILATION_MODE = wholemodule;
				SWIFT_OPTIMIZATION_LEVEL = "-O";
				VALIDATE_PRODUCT = YES;
			};
			name = Release;
		};
		4D158450234660B500013029 /* Debug */ = {
			isa = XCBuildConfiguration;
			baseConfigurationReference = 23BFF40BF03C11C6CBAD7264 /* Pods-Endicott Eats.debug.xcconfig */;
			buildSettings = {
				ASSETCATALOG_COMPILER_APPICON_NAME = AppIcon;
				CODE_SIGN_STYLE = Automatic;
				INFOPLIST_FILE = "Endicott Eats/Info.plist";
				LD_RUNPATH_SEARCH_PATHS = (
					"$(inherited)",
					"@executable_path/Frameworks",
				);
				PRODUCT_BUNDLE_IDENTIFIER = "Steve-Suchcicki.Endicott-Eats";
				PRODUCT_NAME = "$(TARGET_NAME)";
				SWIFT_VERSION = 5.0;
				TARGETED_DEVICE_FAMILY = "1,2";
			};
			name = Debug;
		};
		4D158451234660B500013029 /* Release */ = {
			isa = XCBuildConfiguration;
			baseConfigurationReference = 959E9F0B120B3C0C6FAF1724 /* Pods-Endicott Eats.release.xcconfig */;
			buildSettings = {
				ASSETCATALOG_COMPILER_APPICON_NAME = AppIcon;
				CODE_SIGN_STYLE = Automatic;
				INFOPLIST_FILE = "Endicott Eats/Info.plist";
				LD_RUNPATH_SEARCH_PATHS = (
					"$(inherited)",
					"@executable_path/Frameworks",
				);
				PRODUCT_BUNDLE_IDENTIFIER = "Steve-Suchcicki.Endicott-Eats";
				PRODUCT_NAME = "$(TARGET_NAME)";
				SWIFT_VERSION = 5.0;
				TARGETED_DEVICE_FAMILY = "1,2";
			};
			name = Release;
		};
		4D158453234660B500013029 /* Debug */ = {
			isa = XCBuildConfiguration;
			baseConfigurationReference = 5E1D28B1EADD1D7161D74FAF /* Pods-Endicott EatsTests.debug.xcconfig */;
			buildSettings = {
				ALWAYS_EMBED_SWIFT_STANDARD_LIBRARIES = YES;
				BUNDLE_LOADER = "$(TEST_HOST)";
				CODE_SIGN_STYLE = Automatic;
				INFOPLIST_FILE = "Endicott EatsTests/Info.plist";
				IPHONEOS_DEPLOYMENT_TARGET = 13.0;
				LD_RUNPATH_SEARCH_PATHS = (
					"$(inherited)",
					"@executable_path/Frameworks",
					"@loader_path/Frameworks",
				);
				PRODUCT_BUNDLE_IDENTIFIER = "Steve-Suchcicki.Endicott-EatsTests";
				PRODUCT_NAME = "$(TARGET_NAME)";
				SWIFT_VERSION = 5.0;
				TARGETED_DEVICE_FAMILY = "1,2";
				TEST_HOST = "$(BUILT_PRODUCTS_DIR)/Endicott Eats.app/Endicott Eats";
			};
			name = Debug;
		};
		4D158454234660B500013029 /* Release */ = {
			isa = XCBuildConfiguration;
			baseConfigurationReference = D8F20F42212A53D9257A3695 /* Pods-Endicott EatsTests.release.xcconfig */;
			buildSettings = {
				ALWAYS_EMBED_SWIFT_STANDARD_LIBRARIES = YES;
				BUNDLE_LOADER = "$(TEST_HOST)";
				CODE_SIGN_STYLE = Automatic;
				INFOPLIST_FILE = "Endicott EatsTests/Info.plist";
				IPHONEOS_DEPLOYMENT_TARGET = 13.0;
				LD_RUNPATH_SEARCH_PATHS = (
					"$(inherited)",
					"@executable_path/Frameworks",
					"@loader_path/Frameworks",
				);
				PRODUCT_BUNDLE_IDENTIFIER = "Steve-Suchcicki.Endicott-EatsTests";
				PRODUCT_NAME = "$(TARGET_NAME)";
				SWIFT_VERSION = 5.0;
				TARGETED_DEVICE_FAMILY = "1,2";
				TEST_HOST = "$(BUILT_PRODUCTS_DIR)/Endicott Eats.app/Endicott Eats";
			};
			name = Release;
		};
		4D158456234660B500013029 /* Debug */ = {
			isa = XCBuildConfiguration;
			baseConfigurationReference = 006F1CA7A91F9B700C800650 /* Pods-Endicott Eats-Endicott EatsUITests.debug.xcconfig */;
			buildSettings = {
				ALWAYS_EMBED_SWIFT_STANDARD_LIBRARIES = YES;
				CODE_SIGN_STYLE = Automatic;
				INFOPLIST_FILE = "Endicott EatsUITests/Info.plist";
				LD_RUNPATH_SEARCH_PATHS = (
					"$(inherited)",
					"@executable_path/Frameworks",
					"@loader_path/Frameworks",
				);
				PRODUCT_BUNDLE_IDENTIFIER = "Steve-Suchcicki.Endicott-EatsUITests";
				PRODUCT_NAME = "$(TARGET_NAME)";
				SWIFT_VERSION = 5.0;
				TARGETED_DEVICE_FAMILY = "1,2";
				TEST_TARGET_NAME = "Endicott Eats";
			};
			name = Debug;
		};
		4D158457234660B500013029 /* Release */ = {
			isa = XCBuildConfiguration;
			baseConfigurationReference = 98E86C8441145B4D2B95445A /* Pods-Endicott Eats-Endicott EatsUITests.release.xcconfig */;
			buildSettings = {
				ALWAYS_EMBED_SWIFT_STANDARD_LIBRARIES = YES;
				CODE_SIGN_STYLE = Automatic;
				INFOPLIST_FILE = "Endicott EatsUITests/Info.plist";
				LD_RUNPATH_SEARCH_PATHS = (
					"$(inherited)",
					"@executable_path/Frameworks",
					"@loader_path/Frameworks",
				);
				PRODUCT_BUNDLE_IDENTIFIER = "Steve-Suchcicki.Endicott-EatsUITests";
				PRODUCT_NAME = "$(TARGET_NAME)";
				SWIFT_VERSION = 5.0;
				TARGETED_DEVICE_FAMILY = "1,2";
				TEST_TARGET_NAME = "Endicott Eats";
			};
			name = Release;
		};
/* End XCBuildConfiguration section */

/* Begin XCConfigurationList section */
		4D15841E234660B400013029 /* Build configuration list for PBXProject "Endicott Eats" */ = {
			isa = XCConfigurationList;
			buildConfigurations = (
				4D15844D234660B500013029 /* Debug */,
				4D15844E234660B500013029 /* Release */,
			);
			defaultConfigurationIsVisible = 0;
			defaultConfigurationName = Release;
		};
		4D15844F234660B500013029 /* Build configuration list for PBXNativeTarget "Endicott Eats" */ = {
			isa = XCConfigurationList;
			buildConfigurations = (
				4D158450234660B500013029 /* Debug */,
				4D158451234660B500013029 /* Release */,
			);
			defaultConfigurationIsVisible = 0;
			defaultConfigurationName = Release;
		};
		4D158452234660B500013029 /* Build configuration list for PBXNativeTarget "Endicott EatsTests" */ = {
			isa = XCConfigurationList;
			buildConfigurations = (
				4D158453234660B500013029 /* Debug */,
				4D158454234660B500013029 /* Release */,
			);
			defaultConfigurationIsVisible = 0;
			defaultConfigurationName = Release;
		};
		4D158455234660B500013029 /* Build configuration list for PBXNativeTarget "Endicott EatsUITests" */ = {
			isa = XCConfigurationList;
			buildConfigurations = (
				4D158456234660B500013029 /* Debug */,
				4D158457234660B500013029 /* Release */,
			);
			defaultConfigurationIsVisible = 0;
			defaultConfigurationName = Release;
		};
/* End XCConfigurationList section */
	};
	rootObject = 4D15841B234660B400013029 /* Project object */;
}
